
Microsoft Visual Studio Solution File, Format Version 12.00
# Visual Studio Version 17
VisualStudioVersion = 17.4.33110.190
MinimumVisualStudioVersion = 10.0.40219.1
Project("{9A19103F-16F7-4668-BE54-9A1E7A4F7556}") = "YSManagmentSystem.web", "YSManagmentSystem.web\YSManagmentSystem.web.csproj", "{6AF097F1-47BB-4680-B8A4-CBFD202ABE31}"
EndProject
Project("{9A19103F-16F7-4668-BE54-9A1E7A4F7556}") = "YSManagmentSystem.Domain", "YSManagmentSystem.Domain\YSManagmentSystem.Domain.csproj", "{5E72F792-2537-4020-8158-B8BBE59C60F9}"
EndProject
Project("{9A19103F-16F7-4668-BE54-9A1E7A4F7556}") = "YSManagmentSystem.DAL", "YSManagmentSystem.DAL\YSManagmentSystem.DAL.csproj", "{FCD4D5C7-6978-404D-A3B3-C8CFB296D44F}"
EndProject
Project("{9A19103F-16F7-4668-BE54-9A1E7A4F7556}") = "YSManagmentSystem.BLL", "YSManagmentSystem.BLL\YSManagmentSystem.BLL.csproj", "{A2AFB7C4-F451-481F-ACB3-F7D5AF41BDC5}"
EndProject
Global
	GlobalSection(SolutionConfigurationPlatforms) = preSolution
		Debug|Any CPU = Debug|Any CPU
		Release|Any CPU = Release|Any CPU
	EndGlobalSection
	GlobalSection(ProjectConfigurationPlatforms) = postSolution
		{6AF097F1-47BB-4680-B8A4-CBFD202ABE31}.Debug|Any CPU.ActiveCfg = Debug|Any CPU
		{6AF097F1-47BB-4680-B8A4-CBFD202ABE31}.Debug|Any CPU.Build.0 = Debug|Any CPU
		{6AF097F1-47BB-4680-B8A4-CBFD202ABE31}.Release|Any CPU.ActiveCfg = Release|Any CPU
		{6AF097F1-47BB-4680-B8A4-CBFD202ABE31}.Release|Any CPU.Build.0 = Release|Any CPU
		{5E72F792-2537-4020-8158-B8BBE59C60F9}.Debug|Any CPU.ActiveCfg = Debug|Any CPU
		{5E72F792-2537-4020-8158-B8BBE59C60F9}.Debug|Any CPU.Build.0 = Debug|Any CPU
		{5E72F792-2537-4020-8158-B8BBE59C60F9}.Release|Any CPU.ActiveCfg = Release|Any CPU
		{5E72F792-2537-4020-8158-B8BBE59C60F9}.Release|Any CPU.Build.0 = Release|Any CPU
		{FCD4D5C7-6978-404D-A3B3-C8CFB296D44F}.Debug|Any CPU.ActiveCfg = Debug|Any CPU
		{FCD4D5C7-6978-404D-A3B3-C8CFB296D44F}.Debug|Any CPU.Build.0 = Debug|Any CPU
		{FCD4D5C7-6978-404D-A3B3-C8CFB296D44F}.Release|Any CPU.ActiveCfg = Release|Any CPU
		{FCD4D5C7-6978-404D-A3B3-C8CFB296D44F}.Release|Any CPU.Build.0 = Release|Any CPU
		{A2AFB7C4-F451-481F-ACB3-F7D5AF41BDC5}.Debug|Any CPU.ActiveCfg = Debug|Any CPU
		{A2AFB7C4-F451-481F-ACB3-F7D5AF41BDC5}.Debug|Any CPU.Build.0 = Debug|Any CPU
		{A2AFB7C4-F451-481F-ACB3-F7D5AF41BDC5}.Release|Any CPU.ActiveCfg = Release|Any CPU
		{A2AFB7C4-F451-481F-ACB3-F7D5AF41BDC5}.Release|Any CPU.Build.0 = Release|Any CPU
	EndGlobalSection
	GlobalSection(SolutionProperties) = preSolution
		HideSolutionNode = FALSE
	EndGlobalSection
	GlobalSection(ExtensibilityGlobals) = postSolution
		SolutionGuid = {90133BE8-2BE8-4B34-9BE1-32A4DD5016A8}
	EndGlobalSection
EndGlobal
